
Microsoft Visual Studio Solution File, Format Version 12.00
# Visual Studio Version 16
VisualStudioVersion = 16.0.30114.105
MinimumVisualStudioVersion = 10.0.40219.1
Project("{FAE04EC0-301F-11D3-BF4B-00C04F79EFBC}") = "sprpack", "sprpack\sprpack.csproj", "{B20B5805-5501-4DF9-A9AE-216C18AEFB15}"
EndProject
Global
	GlobalSection(SolutionConfigurationPlatforms) = preSolution
		Debug|Any CPU = Debug|Any CPU
		Release|Any CPU = Release|Any CPU
	EndGlobalSection
	GlobalSection(SolutionProperties) = preSolution
		HideSolutionNode = FALSE
	EndGlobalSection
	GlobalSection(ProjectConfigurationPlatforms) = postSolution
		{B20B5805-5501-4DF9-A9AE-216C18AEFB15}.Debug|Any CPU.ActiveCfg = Debug|Any CPU
		{B20B5805-5501-4DF9-A9AE-216C18AEFB15}.Debug|Any CPU.Build.0 = Debug|Any CPU
		{B20B5805-5501-4DF9-A9AE-216C18AEFB15}.Release|Any CPU.ActiveCfg = Release|Any CPU
		{B20B5805-5501-4DF9-A9AE-216C18AEFB15}.Release|Any CPU.Build.0 = Release|Any CPU
	EndGlobalSection
EndGlobal
